
Microsoft Visual Studio Solution File, Format Version 12.00
# Visual Studio 2013
VisualStudioVersion = 12.0.30501.0
MinimumVisualStudioVersion = 10.0.40219.1
Project("{FAE04EC0-301F-11D3-BF4B-00C04F79EFBC}") = "Roskilde Turist v4", "Roskilde Turist v4\Roskilde Turist v4.csproj", "{48FC755B-433E-48B8-9348-CC73D81A608B}"
EndProject
Project("{F088123C-0E9E-452A-89E6-6BA2F21D5CAC}") = "UP Diagrammer", "UP Diagrammer\UP Diagrammer.modelproj", "{4F004620-5CE2-43FA-9DAE-2DE9F01A7CFA}"
EndProject
Project("{FAE04EC0-301F-11D3-BF4B-00C04F79EFBC}") = "UnitTest", "UnitTest\UnitTest.csproj", "{3B4D2C1C-1149-4410-9B7C-C7BC91DACF9D}"
EndProject
Global
	GlobalSection(SolutionConfigurationPlatforms) = preSolution
		Debug|Any CPU = Debug|Any CPU
		Debug|ARM = Debug|ARM
		Debug|x64 = Debug|x64
		Debug|x86 = Debug|x86
		Release|Any CPU = Release|Any CPU
		Release|ARM = Release|ARM
		Release|x64 = Release|x64
		Release|x86 = Release|x86
	EndGlobalSection
	GlobalSection(ProjectConfigurationPlatforms) = postSolution
		{48FC755B-433E-48B8-9348-CC73D81A608B}.Debug|Any CPU.ActiveCfg = Debug|x86
		{48FC755B-433E-48B8-9348-CC73D81A608B}.Debug|Any CPU.Build.0 = Debug|x86
		{48FC755B-433E-48B8-9348-CC73D81A608B}.Debug|Any CPU.Deploy.0 = Debug|x86
		{48FC755B-433E-48B8-9348-CC73D81A608B}.Debug|ARM.ActiveCfg = Debug|ARM
		{48FC755B-433E-48B8-9348-CC73D81A608B}.Debug|ARM.Build.0 = Debug|ARM
		{48FC755B-433E-48B8-9348-CC73D81A608B}.Debug|ARM.Deploy.0 = Debug|ARM
		{48FC755B-433E-48B8-9348-CC73D81A608B}.Debug|x64.ActiveCfg = Debug|x64
		{48FC755B-433E-48B8-9348-CC73D81A608B}.Debug|x64.Build.0 = Debug|x64
		{48FC755B-433E-48B8-9348-CC73D81A608B}.Debug|x64.Deploy.0 = Debug|x64
		{48FC755B-433E-48B8-9348-CC73D81A608B}.Debug|x86.ActiveCfg = Debug|x86
		{48FC755B-433E-48B8-9348-CC73D81A608B}.Debug|x86.Build.0 = Debug|x86
		{48FC755B-433E-48B8-9348-CC73D81A608B}.Debug|x86.Deploy.0 = Debug|x86
		{48FC755B-433E-48B8-9348-CC73D81A608B}.Release|Any CPU.ActiveCfg = Release|Any CPU
		{48FC755B-433E-48B8-9348-CC73D81A608B}.Release|Any CPU.Build.0 = Release|Any CPU
		{48FC755B-433E-48B8-9348-CC73D81A608B}.Release|Any CPU.Deploy.0 = Release|Any CPU
		{48FC755B-433E-48B8-9348-CC73D81A608B}.Release|ARM.ActiveCfg = Release|ARM
		{48FC755B-433E-48B8-9348-CC73D81A608B}.Release|ARM.Build.0 = Release|ARM
		{48FC755B-433E-48B8-9348-CC73D81A608B}.Release|ARM.Deploy.0 = Release|ARM
		{48FC755B-433E-48B8-9348-CC73D81A608B}.Release|x64.ActiveCfg = Release|x64
		{48FC755B-433E-48B8-9348-CC73D81A608B}.Release|x64.Build.0 = Release|x64
		{48FC755B-433E-48B8-9348-CC73D81A608B}.Release|x64.Deploy.0 = Release|x64
		{48FC755B-433E-48B8-9348-CC73D81A608B}.Release|x86.ActiveCfg = Release|x86
		{48FC755B-433E-48B8-9348-CC73D81A608B}.Release|x86.Build.0 = Release|x86
		{48FC755B-433E-48B8-9348-CC73D81A608B}.Release|x86.Deploy.0 = Release|x86
		{4F004620-5CE2-43FA-9DAE-2DE9F01A7CFA}.Debug|Any CPU.ActiveCfg = Debug|Any CPU
		{4F004620-5CE2-43FA-9DAE-2DE9F01A7CFA}.Debug|Any CPU.Build.0 = Debug|Any CPU
		{4F004620-5CE2-43FA-9DAE-2DE9F01A7CFA}.Debug|ARM.ActiveCfg = Debug|Any CPU
		{4F004620-5CE2-43FA-9DAE-2DE9F01A7CFA}.Debug|x64.ActiveCfg = Debug|Any CPU
		{4F004620-5CE2-43FA-9DAE-2DE9F01A7CFA}.Debug|x86.ActiveCfg = Debug|Any CPU
		{4F004620-5CE2-43FA-9DAE-2DE9F01A7CFA}.Release|Any CPU.ActiveCfg = Release|Any CPU
		{4F004620-5CE2-43FA-9DAE-2DE9F01A7CFA}.Release|Any CPU.Build.0 = Release|Any CPU
		{4F004620-5CE2-43FA-9DAE-2DE9F01A7CFA}.Release|ARM.ActiveCfg = Release|Any CPU
		{4F004620-5CE2-43FA-9DAE-2DE9F01A7CFA}.Release|x64.ActiveCfg = Release|Any CPU
		{4F004620-5CE2-43FA-9DAE-2DE9F01A7CFA}.Release|x86.ActiveCfg = Release|Any CPU
		{3B4D2C1C-1149-4410-9B7C-C7BC91DACF9D}.Debug|Any CPU.ActiveCfg = Debug|Any CPU
		{3B4D2C1C-1149-4410-9B7C-C7BC91DACF9D}.Debug|Any CPU.Build.0 = Debug|Any CPU
		{3B4D2C1C-1149-4410-9B7C-C7BC91DACF9D}.Debug|ARM.ActiveCfg = Debug|Any CPU
		{3B4D2C1C-1149-4410-9B7C-C7BC91DACF9D}.Debug|x64.ActiveCfg = Debug|Any CPU
		{3B4D2C1C-1149-4410-9B7C-C7BC91DACF9D}.Debug|x86.ActiveCfg = Debug|Any CPU
		{3B4D2C1C-1149-4410-9B7C-C7BC91DACF9D}.Release|Any CPU.ActiveCfg = Release|Any CPU
		{3B4D2C1C-1149-4410-9B7C-C7BC91DACF9D}.Release|Any CPU.Build.0 = Release|Any CPU
		{3B4D2C1C-1149-4410-9B7C-C7BC91DACF9D}.Release|ARM.ActiveCfg = Release|Any CPU
		{3B4D2C1C-1149-4410-9B7C-C7BC91DACF9D}.Release|x64.ActiveCfg = Release|Any CPU
		{3B4D2C1C-1149-4410-9B7C-C7BC91DACF9D}.Release|x86.ActiveCfg = Release|Any CPU
	EndGlobalSection
	GlobalSection(SolutionProperties) = preSolution
		HideSolutionNode = FALSE
	EndGlobalSection
EndGlobal
